// !$*UTF8*$!
{
	archiveVersion = 1;
	classes = {
	};
	objectVersion = 56;
	objects = {

/* Begin PBXBuildFile section */
		2BDA24232B0352B600B7C734 /* AppDelegate.swift in Sources */ = {isa = PBXBuildFile; fileRef = 2BDA24222B0352B600B7C734 /* AppDelegate.swift */; };
		2BDA24252B0352B600B7C734 /* SceneDelegate.swift in Sources */ = {isa = PBXBuildFile; fileRef = 2BDA24242B0352B600B7C734 /* SceneDelegate.swift */; };
		2BDA24272B0352B600B7C734 /* ViewController.swift in Sources */ = {isa = PBXBuildFile; fileRef = 2BDA24262B0352B600B7C734 /* ViewController.swift */; };
		2BDA242A2B0352B600B7C734 /* Main.storyboard in Resources */ = {isa = PBXBuildFile; fileRef = 2BDA24282B0352B600B7C734 /* Main.storyboard */; };
		2BDA242C2B0352B800B7C734 /* Assets.xcassets in Resources */ = {isa = PBXBuildFile; fileRef = 2BDA242B2B0352B800B7C734 /* Assets.xcassets */; };
		2BDA242F2B0352B800B7C734 /* LaunchScreen.storyboard in Resources */ = {isa = PBXBuildFile; fileRef = 2BDA242D2B0352B800B7C734 /* LaunchScreen.storyboard */; };
		2BDA3B7A2B035A6C00F5B8F1 /* Song.swift in Sources */ = {isa = PBXBuildFile; fileRef = 2BDA3B792B035A6C00F5B8F1 /* Song.swift */; };
		2BDA3B7C2B035C2800F5B8F1 /* SongCell.swift in Sources */ = {isa = PBXBuildFile; fileRef = 2BDA3B7B2B035C2800F5B8F1 /* SongCell.swift */; };
		2BDA3B8B2B0363F300F5B8F1 /* Nuke in Frameworks */ = {isa = PBXBuildFile; productRef = 2BDA3B8A2B0363F300F5B8F1 /* Nuke */; };
		2BDA3B8D2B03690700F5B8F1 /* SpotifyAuthenticator.swift in Sources */ = {isa = PBXBuildFile; fileRef = 2BDA3B8C2B03690700F5B8F1 /* SpotifyAuthenticator.swift */; };
		2BDA3B902B03696800F5B8F1 /* Alamofire in Frameworks */ = {isa = PBXBuildFile; productRef = 2BDA3B8F2B03696800F5B8F1 /* Alamofire */; };
		2BDA3B922B03728F00F5B8F1 /* RecommendationsResponse.swift in Sources */ = {isa = PBXBuildFile; fileRef = 2BDA3B912B03728F00F5B8F1 /* RecommendationsResponse.swift */; };
/* End PBXBuildFile section */

/* Begin PBXFileReference section */
		2BDA241F2B0352B600B7C734 /* Melodify.app */ = {isa = PBXFileReference; explicitFileType = wrapper.application; includeInIndex = 0; path = Melodify.app; sourceTree = BUILT_PRODUCTS_DIR; };
		2BDA24222B0352B600B7C734 /* AppDelegate.swift */ = {isa = PBXFileReference; lastKnownFileType = sourcecode.swift; path = AppDelegate.swift; sourceTree = "<group>"; };
		2BDA24242B0352B600B7C734 /* SceneDelegate.swift */ = {isa = PBXFileReference; lastKnownFileType = sourcecode.swift; path = SceneDelegate.swift; sourceTree = "<group>"; };
		2BDA24262B0352B600B7C734 /* ViewController.swift */ = {isa = PBXFileReference; lastKnownFileType = sourcecode.swift; path = ViewController.swift; sourceTree = "<group>"; };
		2BDA24292B0352B600B7C734 /* Base */ = {isa = PBXFileReference; lastKnownFileType = file.storyboard; name = Base; path = Base.lproj/Main.storyboard; sourceTree = "<group>"; };
		2BDA242B2B0352B800B7C734 /* Assets.xcassets */ = {isa = PBXFileReference; lastKnownFileType = folder.assetcatalog; path = Assets.xcassets; sourceTree = "<group>"; };
		2BDA242E2B0352B800B7C734 /* Base */ = {isa = PBXFileReference; lastKnownFileType = file.storyboard; name = Base; path = Base.lproj/LaunchScreen.storyboard; sourceTree = "<group>"; };
		2BDA24302B0352B800B7C734 /* Info.plist */ = {isa = PBXFileReference; lastKnownFileType = text.plist.xml; path = Info.plist; sourceTree = "<group>"; };
		2BDA3B792B035A6C00F5B8F1 /* Song.swift */ = {isa = PBXFileReference; lastKnownFileType = sourcecode.swift; path = Song.swift; sourceTree = "<group>"; };
		2BDA3B7B2B035C2800F5B8F1 /* SongCell.swift */ = {isa = PBXFileReference; lastKnownFileType = sourcecode.swift; path = SongCell.swift; sourceTree = "<group>"; };
		2BDA3B8C2B03690700F5B8F1 /* SpotifyAuthenticator.swift */ = {isa = PBXFileReference; lastKnownFileType = sourcecode.swift; path = SpotifyAuthenticator.swift; sourceTree = "<group>"; };
		2BDA3B912B03728F00F5B8F1 /* RecommendationsResponse.swift */ = {isa = PBXFileReference; lastKnownFileType = sourcecode.swift; path = RecommendationsResponse.swift; sourceTree = "<group>"; };
/* End PBXFileReference section */

/* Begin PBXFrameworksBuildPhase section */
		2BDA241C2B0352B600B7C734 /* Frameworks */ = {
			isa = PBXFrameworksBuildPhase;
			buildActionMask = 2147483647;
			files = (
				2BDA3B8B2B0363F300F5B8F1 /* Nuke in Frameworks */,
				2BDA3B902B03696800F5B8F1 /* Alamofire in Frameworks */,
			);
			runOnlyForDeploymentPostprocessing = 0;
		};
/* End PBXFrameworksBuildPhase section */

/* Begin PBXGroup section */
		2BDA24162B0352B600B7C734 = {
			isa = PBXGroup;
			children = (
				2BDA24212B0352B600B7C734 /* Melodify */,
				2BDA24202B0352B600B7C734 /* Products */,
			);
			sourceTree = "<group>";
		};
		2BDA24202B0352B600B7C734 /* Products */ = {
			isa = PBXGroup;
			children = (
				2BDA241F2B0352B600B7C734 /* Melodify.app */,
			);
			name = Products;
			sourceTree = "<group>";
		};
		2BDA24212B0352B600B7C734 /* Melodify */ = {
			isa = PBXGroup;
			children = (
				2BDA24222B0352B600B7C734 /* AppDelegate.swift */,
				2BDA3B792B035A6C00F5B8F1 /* Song.swift */,
				2BDA3B912B03728F00F5B8F1 /* RecommendationsResponse.swift */,
				2BDA24242B0352B600B7C734 /* SceneDelegate.swift */,
				2BDA24262B0352B600B7C734 /* ViewController.swift */,
				2BDA3B7B2B035C2800F5B8F1 /* SongCell.swift */,
				2BDA3B8C2B03690700F5B8F1 /* SpotifyAuthenticator.swift */,
				2BDA24282B0352B600B7C734 /* Main.storyboard */,
				2BDA242B2B0352B800B7C734 /* Assets.xcassets */,
				2BDA242D2B0352B800B7C734 /* LaunchScreen.storyboard */,
				2BDA24302B0352B800B7C734 /* Info.plist */,
			);
			path = Melodify;
			sourceTree = "<group>";
		};
/* End PBXGroup section */

/* Begin PBXNativeTarget section */
		2BDA241E2B0352B600B7C734 /* Melodify */ = {
			isa = PBXNativeTarget;
			buildConfigurationList = 2BDA24332B0352B800B7C734 /* Build configuration list for PBXNativeTarget "Melodify" */;
			buildPhases = (
				2BDA241B2B0352B600B7C734 /* Sources */,
				2BDA241C2B0352B600B7C734 /* Frameworks */,
				2BDA241D2B0352B600B7C734 /* Resources */,
			);
			buildRules = (
			);
			dependencies = (
			);
			name = Melodify;
			packageProductDependencies = (
				2BDA3B8A2B0363F300F5B8F1 /* Nuke */,
				2BDA3B8F2B03696800F5B8F1 /* Alamofire */,
			);
			productName = Melodify;
			productReference = 2BDA241F2B0352B600B7C734 /* Melodify.app */;
			productType = "com.apple.product-type.application";
		};
/* End PBXNativeTarget section */

/* Begin PBXProject section */
		2BDA24172B0352B600B7C734 /* Project object */ = {
			isa = PBXProject;
			attributes = {
				BuildIndependentTargetsInParallel = 1;
				LastSwiftUpdateCheck = 1500;
				LastUpgradeCheck = 1500;
				TargetAttributes = {
					2BDA241E2B0352B600B7C734 = {
						CreatedOnToolsVersion = 15.0;
					};
				};
			};
			buildConfigurationList = 2BDA241A2B0352B600B7C734 /* Build configuration list for PBXProject "Melodify" */;
			compatibilityVersion = "Xcode 14.0";
			developmentRegion = en;
			hasScannedForEncodings = 0;
			knownRegions = (
				en,
				Base,
			);
			mainGroup = 2BDA24162B0352B600B7C734;
			packageReferences = (
				2BDA3B892B0363F300F5B8F1 /* XCRemoteSwiftPackageReference "Nuke" */,
				2BDA3B8E2B03696800F5B8F1 /* XCRemoteSwiftPackageReference "Alamofire" */,
			);
			productRefGroup = 2BDA24202B0352B600B7C734 /* Products */;
			projectDirPath = "";
			projectRoot = "";
			targets = (
				2BDA241E2B0352B600B7C734 /* Melodify */,
			);
		};
/* End PBXProject section */

/* Begin PBXResourcesBuildPhase section */
		2BDA241D2B0352B600B7C734 /* Resources */ = {
			isa = PBXResourcesBuildPhase;
			buildActionMask = 2147483647;
			files = (
				2BDA242F2B0352B800B7C734 /* LaunchScreen.storyboard in Resources */,
				2BDA242C2B0352B800B7C734 /* Assets.xcassets in Resources */,
				2BDA242A2B0352B600B7C734 /* Main.storyboard in Resources */,
			);
			runOnlyForDeploymentPostprocessing = 0;
		};
/* End PBXResourcesBuildPhase section */

/* Begin PBXSourcesBuildPhase section */
		2BDA241B2B0352B600B7C734 /* Sources */ = {
			isa = PBXSourcesBuildPhase;
			buildActionMask = 2147483647;
			files = (
				2BDA3B8D2B03690700F5B8F1 /* SpotifyAuthenticator.swift in Sources */,
				2BDA3B7A2B035A6C00F5B8F1 /* Song.swift in Sources */,
				2BDA24272B0352B600B7C734 /* ViewController.swift in Sources */,
				2BDA24232B0352B600B7C734 /* AppDelegate.swift in Sources */,
				2BDA3B922B03728F00F5B8F1 /* RecommendationsResponse.swift in Sources */,
				2BDA3B7C2B035C2800F5B8F1 /* SongCell.swift in Sources */,
				2BDA24252B0352B600B7C734 /* SceneDelegate.swift in Sources */,
			);
			runOnlyForDeploymentPostprocessing = 0;
		};
/* End PBXSourcesBuildPhase section */

/* Begin PBXVariantGroup section */
		2BDA24282B0352B600B7C734 /* Main.storyboard */ = {
			isa = PBXVariantGroup;
			children = (
				2BDA24292B0352B600B7C734 /* Base */,
			);
			name = Main.storyboard;
			sourceTree = "<group>";
		};
		2BDA242D2B0352B800B7C734 /* LaunchScreen.storyboard */ = {
			isa = PBXVariantGroup;
			children = (
				2BDA242E2B0352B800B7C734 /* Base */,
			);
			name = LaunchScreen.storyboard;
			sourceTree = "<group>";
		};
/* End PBXVariantGroup section */

/* Begin XCBuildConfiguration section */
		2BDA24312B0352B800B7C734 /* Debug */ = {
			isa = XCBuildConfiguration;
			buildSettings = {
				ALWAYS_SEARCH_USER_PATHS = NO;
				ASSETCATALOG_COMPILER_GENERATE_SWIFT_ASSET_SYMBOL_EXTENSIONS = YES;
				CLANG_ANALYZER_NONNULL = YES;
				CLANG_ANALYZER_NUMBER_OBJECT_CONVERSION = YES_AGGRESSIVE;
				CLANG_CXX_LANGUAGE_STANDARD = "gnu++20";
				CLANG_ENABLE_MODULES = YES;
				CLANG_ENABLE_OBJC_ARC = YES;
				CLANG_ENABLE_OBJC_WEAK = YES;
				CLANG_WARN_BLOCK_CAPTURE_AUTORELEASING = YES;
				CLANG_WARN_BOOL_CONVERSION = YES;
				CLANG_WARN_COMMA = YES;
				CLANG_WARN_CONSTANT_CONVERSION = YES;
				CLANG_WARN_DEPRECATED_OBJC_IMPLEMENTATIONS = YES;
				CLANG_WARN_DIRECT_OBJC_ISA_USAGE = YES_ERROR;
				CLANG_WARN_DOCUMENTATION_COMMENTS = YES;
				CLANG_WARN_EMPTY_BODY = YES;
				CLANG_WARN_ENUM_CONVERSION = YES;
				CLANG_WARN_INFINITE_RECURSION = YES;
				CLANG_WARN_INT_CONVERSION = YES;
				CLANG_WARN_NON_LITERAL_NULL_CONVERSION = YES;
				CLANG_WARN_OBJC_IMPLICIT_RETAIN_SELF = YES;
				CLANG_WARN_OBJC_LITERAL_CONVERSION = YES;
				CLANG_WARN_OBJC_ROOT_CLASS = YES_ERROR;
				CLANG_WARN_QUOTED_INCLUDE_IN_FRAMEWORK_HEADER = YES;
				CLANG_WARN_RANGE_LOOP_ANALYSIS = YES;
				CLANG_WARN_STRICT_PROTOTYPES = YES;
				CLANG_WARN_SUSPICIOUS_MOVE = YES;
				CLANG_WARN_UNGUARDED_AVAILABILITY = YES_AGGRESSIVE;
				CLANG_WARN_UNREACHABLE_CODE = YES;
				CLANG_WARN__DUPLICATE_METHOD_MATCH = YES;
				COPY_PHASE_STRIP = NO;
				DEBUG_INFORMATION_FORMAT = dwarf;
				ENABLE_STRICT_OBJC_MSGSEND = YES;
				ENABLE_TESTABILITY = YES;
				ENABLE_USER_SCRIPT_SANDBOXING = YES;
				GCC_C_LANGUAGE_STANDARD = gnu17;
				GCC_DYNAMIC_NO_PIC = NO;
				GCC_NO_COMMON_BLOCKS = YES;
				GCC_OPTIMIZATION_LEVEL = 0;
				GCC_PREPROCESSOR_DEFINITIONS = (
					"DEBUG=1",
					"$(inherited)",
				);
				GCC_WARN_64_TO_32_BIT_CONVERSION = YES;
				GCC_WARN_ABOUT_RETURN_TYPE = YES_ERROR;
				GCC_WARN_UNDECLARED_SELECTOR = YES;
				GCC_WARN_UNINITIALIZED_AUTOS = YES_AGGRESSIVE;
				GCC_WARN_UNUSED_FUNCTION = YES;
				GCC_WARN_UNUSED_VARIABLE = YES;
				IPHONEOS_DEPLOYMENT_TARGET = 17.0;
				LOCALIZATION_PREFERS_STRING_CATALOGS = YES;
				MTL_ENABLE_DEBUG_INFO = INCLUDE_SOURCE;
				MTL_FAST_MATH = YES;
				ONLY_ACTIVE_ARCH = YES;
				SDKROOT = iphoneos;
				SWIFT_ACTIVE_COMPILATION_CONDITIONS = "DEBUG $(inherited)";
				SWIFT_OPTIMIZATION_LEVEL = "-Onone";
			};
			name = Debug;
		};
		2BDA24322B0352B800B7C734 /* Release */ = {
			isa = XCBuildConfiguration;
			buildSettings = {
				ALWAYS_SEARCH_USER_PATHS = NO;
				ASSETCATALOG_COMPILER_GENERATE_SWIFT_ASSET_SYMBOL_EXTENSIONS = YES;
				CLANG_ANALYZER_NONNULL = YES;
				CLANG_ANALYZER_NUMBER_OBJECT_CONVERSION = YES_AGGRESSIVE;
				CLANG_CXX_LANGUAGE_STANDARD = "gnu++20";
				CLANG_ENABLE_MODULES = YES;
				CLANG_ENABLE_OBJC_ARC = YES;
				CLANG_ENABLE_OBJC_WEAK = YES;
				CLANG_WARN_BLOCK_CAPTURE_AUTORELEASING = YES;
				CLANG_WARN_BOOL_CONVERSION = YES;
				CLANG_WARN_COMMA = YES;
				CLANG_WARN_CONSTANT_CONVERSION = YES;
				CLANG_WARN_DEPRECATED_OBJC_IMPLEMENTATIONS = YES;
				CLANG_WARN_DIRECT_OBJC_ISA_USAGE = YES_ERROR;
				CLANG_WARN_DOCUMENTATION_COMMENTS = YES;
				CLANG_WARN_EMPTY_BODY = YES;
				CLANG_WARN_ENUM_CONVERSION = YES;
				CLANG_WARN_INFINITE_RECURSION = YES;
				CLANG_WARN_INT_CONVERSION = YES;
				CLANG_WARN_NON_LITERAL_NULL_CONVERSION = YES;
				CLANG_WARN_OBJC_IMPLICIT_RETAIN_SELF = YES;
				CLANG_WARN_OBJC_LITERAL_CONVERSION = YES;
				CLANG_WARN_OBJC_ROOT_CLASS = YES_ERROR;
				CLANG_WARN_QUOTED_INCLUDE_IN_FRAMEWORK_HEADER = YES;
				CLANG_WARN_RANGE_LOOP_ANALYSIS = YES;
				CLANG_WARN_STRICT_PROTOTYPES = YES;
				CLANG_WARN_SUSPICIOUS_MOVE = YES;
				CLANG_WARN_UNGUARDED_AVAILABILITY = YES_AGGRESSIVE;
				CLANG_WARN_UNREACHABLE_CODE = YES;
				CLANG_WARN__DUPLICATE_METHOD_MATCH = YES;
				COPY_PHASE_STRIP = NO;
				DEBUG_INFORMATION_FORMAT = "dwarf-with-dsym";
				ENABLE_NS_ASSERTIONS = NO;
				ENABLE_STRICT_OBJC_MSGSEND = YES;
				ENABLE_USER_SCRIPT_SANDBOXING = YES;
				GCC_C_LANGUAGE_STANDARD = gnu17;
				GCC_NO_COMMON_BLOCKS = YES;
				GCC_WARN_64_TO_32_BIT_CONVERSION = YES;
				GCC_WARN_ABOUT_RETURN_TYPE = YES_ERROR;
				GCC_WARN_UNDECLARED_SELECTOR = YES;
				GCC_WARN_UNINITIALIZED_AUTOS = YES_AGGRESSIVE;
				GCC_WARN_UNUSED_FUNCTION = YES;
				GCC_WARN_UNUSED_VARIABLE = YES;
				IPHONEOS_DEPLOYMENT_TARGET = 17.0;
				LOCALIZATION_PREFERS_STRING_CATALOGS = YES;
				MTL_ENABLE_DEBUG_INFO = NO;
				MTL_FAST_MATH = YES;
				SDKROOT = iphoneos;
				SWIFT_COMPILATION_MODE = wholemodule;
				VALIDATE_PRODUCT = YES;
			};
			name = Release;
		};
		2BDA24342B0352B800B7C734 /* Debug */ = {
			isa = XCBuildConfiguration;
			buildSettings = {
				ASSETCATALOG_COMPILER_APPICON_NAME = AppIcon;
				ASSETCATALOG_COMPILER_GLOBAL_ACCENT_COLOR_NAME = AccentColor;
				CODE_SIGN_STYLE = Automatic;
				CURRENT_PROJECT_VERSION = 1;
				DEVELOPMENT_TEAM = 2295FLC7X5;
				GENERATE_INFOPLIST_FILE = YES;
				INFOPLIST_FILE = Melodify/Info.plist;
				INFOPLIST_KEY_UIApplicationSupportsIndirectInputEvents = YES;
				INFOPLIST_KEY_UILaunchStoryboardName = LaunchScreen;
				INFOPLIST_KEY_UIMainStoryboardFile = Main;
				INFOPLIST_KEY_UISupportedInterfaceOrientations_iPad = "UIInterfaceOrientationPortrait UIInterfaceOrientationPortraitUpsideDown UIInterfaceOrientationLandscapeLeft UIInterfaceOrientationLandscapeRight";
				INFOPLIST_KEY_UISupportedInterfaceOrientations_iPhone = "UIInterfaceOrientationPortrait UIInterfaceOrientationLandscapeLeft UIInterfaceOrientationLandscapeRight";
				LD_RUNPATH_SEARCH_PATHS = (
					"$(inherited)",
					"@executable_path/Frameworks",
				);
				MARKETING_VERSION = 1.0;
				PRODUCT_BUNDLE_IDENTIFIER = com.stevenle.Melodify;
				PRODUCT_NAME = "$(TARGET_NAME)";
				SWIFT_EMIT_LOC_STRINGS = YES;
				SWIFT_VERSION = 5.0;
				TARGETED_DEVICE_FAMILY = "1,2";
			};
			name = Debug;
		};
		2BDA24352B0352B800B7C734 /* Release */ = {
			isa = XCBuildConfiguration;
			buildSettings = {
				ASSETCATALOG_COMPILER_APPICON_NAME = AppIcon;
				ASSETCATALOG_COMPILER_GLOBAL_ACCENT_COLOR_NAME = AccentColor;
				CODE_SIGN_STYLE = Automatic;
				CURRENT_PROJECT_VERSION = 1;
				DEVELOPMENT_TEAM = 2295FLC7X5;
				GENERATE_INFOPLIST_FILE = YES;
				INFOPLIST_FILE = Melodify/Info.plist;
				INFOPLIST_KEY_UIApplicationSupportsIndirectInputEvents = YES;
				INFOPLIST_KEY_UILaunchStoryboardName = LaunchScreen;
				INFOPLIST_KEY_UIMainStoryboardFile = Main;
				INFOPLIST_KEY_UISupportedInterfaceOrientations_iPad = "UIInterfaceOrientationPortrait UIInterfaceOrientationPortraitUpsideDown UIInterfaceOrientationLandscapeLeft UIInterfaceOrientationLandscapeRight";
				INFOPLIST_KEY_UISupportedInterfaceOrientations_iPhone = "UIInterfaceOrientationPortrait UIInterfaceOrientationLandscapeLeft UIInterfaceOrientationLandscapeRight";
				LD_RUNPATH_SEARCH_PATHS = (
					"$(inherited)",
					"@executable_path/Frameworks",
				);
				MARKETING_VERSION = 1.0;
				PRODUCT_BUNDLE_IDENTIFIER = com.stevenle.Melodify;
				PRODUCT_NAME = "$(TARGET_NAME)";
				SWIFT_EMIT_LOC_STRINGS = YES;
				SWIFT_VERSION = 5.0;
				TARGETED_DEVICE_FAMILY = "1,2";
			};
			name = Release;
		};
/* End XCBuildConfiguration section */

/* Begin XCConfigurationList section */
		2BDA241A2B0352B600B7C734 /* Build configuration list for PBXProject "Melodify" */ = {
			isa = XCConfigurationList;
			buildConfigurations = (
				2BDA24312B0352B800B7C734 /* Debug */,
				2BDA24322B0352B800B7C734 /* Release */,
			);
			defaultConfigurationIsVisible = 0;
			defaultConfigurationName = Release;
		};
		2BDA24332B0352B800B7C734 /* Build configuration list for PBXNativeTarget "Melodify" */ = {
			isa = XCConfigurationList;
			buildConfigurations = (
				2BDA24342B0352B800B7C734 /* Debug */,
				2BDA24352B0352B800B7C734 /* Release */,
			);
			defaultConfigurationIsVisible = 0;
			defaultConfigurationName = Release;
		};
/* End XCConfigurationList section */

/* Begin XCRemoteSwiftPackageReference section */
		2BDA3B892B0363F300F5B8F1 /* XCRemoteSwiftPackageReference "Nuke" */ = {
			isa = XCRemoteSwiftPackageReference;
			repositoryURL = "https://github.com/kean/Nuke.git";
			requirement = {
				kind = upToNextMajorVersion;
				minimumVersion = 9.6.1;
			};
		};
		2BDA3B8E2B03696800F5B8F1 /* XCRemoteSwiftPackageReference "Alamofire" */ = {
			isa = XCRemoteSwiftPackageReference;
			repositoryURL = "https://github.com/Alamofire/Alamofire.git";
			requirement = {
				kind = upToNextMajorVersion;
				minimumVersion = 5.8.1;
			};
		};
/* End XCRemoteSwiftPackageReference section */

/* Begin XCSwiftPackageProductDependency section */
		2BDA3B8A2B0363F300F5B8F1 /* Nuke */ = {
			isa = XCSwiftPackageProductDependency;
			package = 2BDA3B892B0363F300F5B8F1 /* XCRemoteSwiftPackageReference "Nuke" */;
			productName = Nuke;
		};
		2BDA3B8F2B03696800F5B8F1 /* Alamofire */ = {
			isa = XCSwiftPackageProductDependency;
			package = 2BDA3B8E2B03696800F5B8F1 /* XCRemoteSwiftPackageReference "Alamofire" */;
			productName = Alamofire;
		};
/* End XCSwiftPackageProductDependency section */
	};
	rootObject = 2BDA24172B0352B600B7C734 /* Project object */;
}
